// !$*UTF8*$!
{
	archiveVersion = 1;
	classes = {
	};
	objectVersion = 77;
	objects = {

/* Begin PBXContainerItemProxy section */
		9C6E98962DF38F3A00DBE52F /* PBXContainerItemProxy */ = {
			isa = PBXContainerItemProxy;
			containerPortal = 9C6E987E2DF38F3900DBE52F /* Project object */;
			proxyType = 1;
			remoteGlobalIDString = 9C6E98852DF38F3900DBE52F;
			remoteInfo = Optimus;
		};
		9C6E98A02DF38F3A00DBE52F /* PBXContainerItemProxy */ = {
			isa = PBXContainerItemProxy;
			containerPortal = 9C6E987E2DF38F3900DBE52F /* Project object */;
			proxyType = 1;
			remoteGlobalIDString = 9C6E98852DF38F3900DBE52F;
			remoteInfo = Optimus;
		};
/* End PBXContainerItemProxy section */

/* Begin PBXFileReference section */
		9C6E98862DF38F3900DBE52F /* Optimus.app */ = {isa = PBXFileReference; explicitFileType = wrapper.application; includeInIndex = 0; path = Optimus.app; sourceTree = BUILT_PRODUCTS_DIR; };
		9C6E98952DF38F3A00DBE52F /* OptimusTests.xctest */ = {isa = PBXFileReference; explicitFileType = wrapper.cfbundle; includeInIndex = 0; path = OptimusTests.xctest; sourceTree = BUILT_PRODUCTS_DIR; };
		9C6E989F2DF38F3A00DBE52F /* OptimusUITests.xctest */ = {isa = PBXFileReference; explicitFileType = wrapper.cfbundle; includeInIndex = 0; path = OptimusUITests.xctest; sourceTree = BUILT_PRODUCTS_DIR; };
/* End PBXFileReference section */

/* Begin PBXFileSystemSynchronizedBuildFileExceptionSet section */
		9C08FBDA2DFAA05800E8E3AF /* Exceptions for "Optimus" folder in "Optimus" target */ = {
			isa = PBXFileSystemSynchronizedBuildFileExceptionSet;
			membershipExceptions = (
				Info.plist,
			);
			target = 9C6E98852DF38F3900DBE52F /* Optimus */;
		};
/* End PBXFileSystemSynchronizedBuildFileExceptionSet section */

/* Begin PBXFileSystemSynchronizedRootGroup section */
		9C6E98882DF38F3900DBE52F /* Optimus */ = {
			isa = PBXFileSystemSynchronizedRootGroup;
			exceptions = (
				9C08FBDA2DFAA05800E8E3AF /* Exceptions for "Optimus" folder in "Optimus" target */,
			);
			path = Optimus;
			sourceTree = "<group>";
		};
		9C6E98982DF38F3A00DBE52F /* OptimusTests */ = {
			isa = PBXFileSystemSynchronizedRootGroup;
			path = OptimusTests;
			sourceTree = "<group>";
		};
		9C6E98A22DF38F3A00DBE52F /* OptimusUITests */ = {
			isa = PBXFileSystemSynchronizedRootGroup;
			path = OptimusUITests;
			sourceTree = "<group>";
		};
/* End PBXFileSystemSynchronizedRootGroup section */

/* Begin PBXFrameworksBuildPhase section */
		9C6E98832DF38F3900DBE52F /* Frameworks */ = {
			isa = PBXFrameworksBuildPhase;
			buildActionMask = 2147483647;
			files = (
			);
			runOnlyForDeploymentPostprocessing = 0;
		};
		9C6E98922DF38F3A00DBE52F /* Frameworks */ = {
			isa = PBXFrameworksBuildPhase;
			buildActionMask = 2147483647;
			files = (
			);
			runOnlyForDeploymentPostprocessing = 0;
		};
		9C6E989C2DF38F3A00DBE52F /* Frameworks */ = {
			isa = PBXFrameworksBuildPhase;
			buildActionMask = 2147483647;
			files = (
			);
			runOnlyForDeploymentPostprocessing = 0;
		};
/* End PBXFrameworksBuildPhase section */

/* Begin PBXGroup section */
		9C6E987D2DF38F3900DBE52F = {
			isa = PBXGroup;
			children = (
				9C6E98882DF38F3900DBE52F /* Optimus */,
				9C6E98982DF38F3A00DBE52F /* OptimusTests */,
				9C6E98A22DF38F3A00DBE52F /* OptimusUITests */,
				9C6E98872DF38F3900DBE52F /* Products */,
			);
			sourceTree = "<group>";
		};
		9C6E98872DF38F3900DBE52F /* Products */ = {
			isa = PBXGroup;
			children = (
				9C6E98862DF38F3900DBE52F /* Optimus.app */,
				9C6E98952DF38F3A00DBE52F /* OptimusTests.xctest */,
				9C6E989F2DF38F3A00DBE52F /* OptimusUITests.xctest */,
			);
			name = Products;
			sourceTree = "<group>";
		};
/* End PBXGroup section */

/* Begin PBXNativeTarget section */
		9C6E98852DF38F3900DBE52F /* Optimus */ = {
			isa = PBXNativeTarget;
			buildConfigurationList = 9C6E98A92DF38F3A00DBE52F /* Build configuration list for PBXNativeTarget "Optimus" */;
			buildPhases = (
				9C6E98822DF38F3900DBE52F /* Sources */,
				9C6E98832DF38F3900DBE52F /* Frameworks */,
				9C6E98842DF38F3900DBE52F /* Resources */,
			);
			buildRules = (
			);
			dependencies = (
			);
			fileSystemSynchronizedGroups = (
				9C6E98882DF38F3900DBE52F /* Optimus */,
			);
			name = Optimus;
			packageProductDependencies = (
			);
			productName = Optimus;
			productReference = 9C6E98862DF38F3900DBE52F /* Optimus.app */;
			productType = "com.apple.product-type.application";
		};
		9C6E98942DF38F3A00DBE52F /* OptimusTests */ = {
			isa = PBXNativeTarget;
			buildConfigurationList = 9C6E98AC2DF38F3A00DBE52F /* Build configuration list for PBXNativeTarget "OptimusTests" */;
			buildPhases = (
				9C6E98912DF38F3A00DBE52F /* Sources */,
				9C6E98922DF38F3A00DBE52F /* Frameworks */,
				9C6E98932DF38F3A00DBE52F /* Resources */,
			);
			buildRules = (
			);
			dependencies = (
				9C6E98972DF38F3A00DBE52F /* PBXTargetDependency */,
			);
			fileSystemSynchronizedGroups = (
				9C6E98982DF38F3A00DBE52F /* OptimusTests */,
			);
			name = OptimusTests;
			packageProductDependencies = (
			);
			productName = OptimusTests;
			productReference = 9C6E98952DF38F3A00DBE52F /* OptimusTests.xctest */;
			productType = "com.apple.product-type.bundle.unit-test";
		};
		9C6E989E2DF38F3A00DBE52F /* OptimusUITests */ = {
			isa = PBXNativeTarget;
			buildConfigurationList = 9C6E98AF2DF38F3A00DBE52F /* Build configuration list for PBXNativeTarget "OptimusUITests" */;
			buildPhases = (
				9C6E989B2DF38F3A00DBE52F /* Sources */,
				9C6E989C2DF38F3A00DBE52F /* Frameworks */,
				9C6E989D2DF38F3A00DBE52F /* Resources */,
			);
			buildRules = (
			);
			dependencies = (
				9C6E98A12DF38F3A00DBE52F /* PBXTargetDependency */,
			);
			fileSystemSynchronizedGroups = (
				9C6E98A22DF38F3A00DBE52F /* OptimusUITests */,
			);
			name = OptimusUITests;
			packageProductDependencies = (
			);
			productName = OptimusUITests;
			productReference = 9C6E989F2DF38F3A00DBE52F /* OptimusUITests.xctest */;
			productType = "com.apple.product-type.bundle.ui-testing";
		};
/* End PBXNativeTarget section */

/* Begin PBXProject section */
		9C6E987E2DF38F3900DBE52F /* Project object */ = {
			isa = PBXProject;
			attributes = {
				BuildIndependentTargetsInParallel = 1;
				LastSwiftUpdateCheck = 1640;
				LastUpgradeCheck = 1640;
				TargetAttributes = {
					9C6E98852DF38F3900DBE52F = {
						CreatedOnToolsVersion = 16.4;
					};
					9C6E98942DF38F3A00DBE52F = {
						CreatedOnToolsVersion = 16.4;
						TestTargetID = 9C6E98852DF38F3900DBE52F;
					};
					9C6E989E2DF38F3A00DBE52F = {
						CreatedOnToolsVersion = 16.4;
						TestTargetID = 9C6E98852DF38F3900DBE52F;
					};
				};
			};
			buildConfigurationList = 9C6E98812DF38F3900DBE52F /* Build configuration list for PBXProject "Optimus" */;
			developmentRegion = en;
			hasScannedForEncodings = 0;
			knownRegions = (
				en,
				Base,
			);
			mainGroup = 9C6E987D2DF38F3900DBE52F;
			minimizedProjectReferenceProxies = 1;
			preferredProjectObjectVersion = 77;
			productRefGroup = 9C6E98872DF38F3900DBE52F /* Products */;
			projectDirPath = "";
			projectRoot = "";
			targets = (
				9C6E98852DF38F3900DBE52F /* Optimus */,
				9C6E98942DF38F3A00DBE52F /* OptimusTests */,
				9C6E989E2DF38F3A00DBE52F /* OptimusUITests */,
			);
		};
/* End PBXProject section */

/* Begin PBXResourcesBuildPhase section */
		9C6E98842DF38F3900DBE52F /* Resources */ = {
			isa = PBXResourcesBuildPhase;
			buildActionMask = 2147483647;
			files = (
			);
			runOnlyForDeploymentPostprocessing = 0;
		};
		9C6E98932DF38F3A00DBE52F /* Resources */ = {
			isa = PBXResourcesBuildPhase;
			buildActionMask = 2147483647;
			files = (
			);
			runOnlyForDeploymentPostprocessing = 0;
		};
		9C6E989D2DF38F3A00DBE52F /* Resources */ = {
			isa = PBXResourcesBuildPhase;
			buildActionMask = 2147483647;
			files = (
			);
			runOnlyForDeploymentPostprocessing = 0;
		};
/* End PBXResourcesBuildPhase section */

/* Begin PBXSourcesBuildPhase section */
		9C6E98822DF38F3900DBE52F /* Sources */ = {
			isa = PBXSourcesBuildPhase;
			buildActionMask = 2147483647;
			files = (
			);
			runOnlyForDeploymentPostprocessing = 0;
		};
		9C6E98912DF38F3A00DBE52F /* Sources */ = {
			isa = PBXSourcesBuildPhase;
			buildActionMask = 2147483647;
			files = (
			);
			runOnlyForDeploymentPostprocessing = 0;
		};
		9C6E989B2DF38F3A00DBE52F /* Sources */ = {
			isa = PBXSourcesBuildPhase;
			buildActionMask = 2147483647;
			files = (
			);
			runOnlyForDeploymentPostprocessing = 0;
		};
/* End PBXSourcesBuildPhase section */

/* Begin PBXTargetDependency section */
		9C6E98972DF38F3A00DBE52F /* PBXTargetDependency */ = {
			isa = PBXTargetDependency;
			target = 9C6E98852DF38F3900DBE52F /* Optimus */;
			targetProxy = 9C6E98962DF38F3A00DBE52F /* PBXContainerItemProxy */;
		};
		9C6E98A12DF38F3A00DBE52F /* PBXTargetDependency */ = {
			isa = PBXTargetDependency;
			target = 9C6E98852DF38F3900DBE52F /* Optimus */;
			targetProxy = 9C6E98A02DF38F3A00DBE52F /* PBXContainerItemProxy */;
		};
/* End PBXTargetDependency section */

/* Begin XCBuildConfiguration section */
		9C6E98A72DF38F3A00DBE52F /* Debug */ = {
			isa = XCBuildConfiguration;
			buildSettings = {
				ALWAYS_SEARCH_USER_PATHS = NO;
				ASSETCATALOG_COMPILER_GENERATE_SWIFT_ASSET_SYMBOL_EXTENSIONS = YES;
				CLANG_ANALYZER_NONNULL = YES;
				CLANG_ANALYZER_NUMBER_OBJECT_CONVERSION = YES_AGGRESSIVE;
				CLANG_CXX_LANGUAGE_STANDARD = "gnu++20";
				CLANG_ENABLE_MODULES = YES;
				CLANG_ENABLE_OBJC_ARC = YES;
				CLANG_ENABLE_OBJC_WEAK = YES;
				CLANG_WARN_BLOCK_CAPTURE_AUTORELEASING = YES;
				CLANG_WARN_BOOL_CONVERSION = YES;
				CLANG_WARN_COMMA = YES;
				CLANG_WARN_CONSTANT_CONVERSION = YES;
				CLANG_WARN_DEPRECATED_OBJC_IMPLEMENTATIONS = YES;
				CLANG_WARN_DIRECT_OBJC_ISA_USAGE = YES_ERROR;
				CLANG_WARN_DOCUMENTATION_COMMENTS = YES;
				CLANG_WARN_EMPTY_BODY = YES;
				CLANG_WARN_ENUM_CONVERSION = YES;
				CLANG_WARN_INFINITE_RECURSION = YES;
				CLANG_WARN_INT_CONVERSION = YES;
				CLANG_WARN_NON_LITERAL_NULL_CONVERSION = YES;
				CLANG_WARN_OBJC_IMPLICIT_RETAIN_SELF = YES;
				CLANG_WARN_OBJC_LITERAL_CONVERSION = YES;
				CLANG_WARN_OBJC_ROOT_CLASS = YES_ERROR;
				CLANG_WARN_QUOTED_INCLUDE_IN_FRAMEWORK_HEADER = YES;
				CLANG_WARN_RANGE_LOOP_ANALYSIS = YES;
				CLANG_WARN_STRICT_PROTOTYPES = YES;
				CLANG_WARN_SUSPICIOUS_MOVE = YES;
				CLANG_WARN_UNGUARDED_AVAILABILITY = YES_AGGRESSIVE;
				CLANG_WARN_UNREACHABLE_CODE = YES;
				CLANG_WARN__DUPLICATE_METHOD_MATCH = YES;
				COPY_PHASE_STRIP = NO;
				DEBUG_INFORMATION_FORMAT = dwarf;
				DEVELOPMENT_TEAM = 93396TDBB9;
				ENABLE_STRICT_OBJC_MSGSEND = YES;
				ENABLE_TESTABILITY = YES;
				ENABLE_USER_SCRIPT_SANDBOXING = YES;
				GCC_C_LANGUAGE_STANDARD = gnu17;
				GCC_DYNAMIC_NO_PIC = NO;
				GCC_NO_COMMON_BLOCKS = YES;
				GCC_OPTIMIZATION_LEVEL = 0;
				GCC_PREPROCESSOR_DEFINITIONS = (
					"DEBUG=1",
					"$(inherited)",
				);
				GCC_WARN_64_TO_32_BIT_CONVERSION = YES;
				GCC_WARN_ABOUT_RETURN_TYPE = YES_ERROR;
				GCC_WARN_UNDECLARED_SELECTOR = YES;
				GCC_WARN_UNINITIALIZED_AUTOS = YES_AGGRESSIVE;
				GCC_WARN_UNUSED_FUNCTION = YES;
				GCC_WARN_UNUSED_VARIABLE = YES;
				IPHONEOS_DEPLOYMENT_TARGET = 18.5;
				LOCALIZATION_PREFERS_STRING_CATALOGS = YES;
				MTL_ENABLE_DEBUG_INFO = INCLUDE_SOURCE;
				MTL_FAST_MATH = YES;
				ONLY_ACTIVE_ARCH = YES;
				SDKROOT = iphoneos;
				SWIFT_ACTIVE_COMPILATION_CONDITIONS = "DEBUG $(inherited)";
				SWIFT_OPTIMIZATION_LEVEL = "-Onone";
			};
			name = Debug;
		};
		9C6E98A82DF38F3A00DBE52F /* Release */ = {
			isa = XCBuildConfiguration;
			buildSettings = {
				ALWAYS_SEARCH_USER_PATHS = NO;
				ASSETCATALOG_COMPILER_GENERATE_SWIFT_ASSET_SYMBOL_EXTENSIONS = YES;
				CLANG_ANALYZER_NONNULL = YES;
				CLANG_ANALYZER_NUMBER_OBJECT_CONVERSION = YES_AGGRESSIVE;
				CLANG_CXX_LANGUAGE_STANDARD = "gnu++20";
				CLANG_ENABLE_MODULES = YES;
				CLANG_ENABLE_OBJC_ARC = YES;
				CLANG_ENABLE_OBJC_WEAK = YES;
				CLANG_WARN_BLOCK_CAPTURE_AUTORELEASING = YES;
				CLANG_WARN_BOOL_CONVERSION = YES;
				CLANG_WARN_COMMA = YES;
				CLANG_WARN_CONSTANT_CONVERSION = YES;
				CLANG_WARN_DEPRECATED_OBJC_IMPLEMENTATIONS = YES;
				CLANG_WARN_DIRECT_OBJC_ISA_USAGE = YES_ERROR;
				CLANG_WARN_DOCUMENTATION_COMMENTS = YES;
				CLANG_WARN_EMPTY_BODY = YES;
				CLANG_WARN_ENUM_CONVERSION = YES;
				CLANG_WARN_INFINITE_RECURSION = YES;
				CLANG_WARN_INT_CONVERSION = YES;
				CLANG_WARN_NON_LITERAL_NULL_CONVERSION = YES;
				CLANG_WARN_OBJC_IMPLICIT_RETAIN_SELF = YES;
				CLANG_WARN_OBJC_LITERAL_CONVERSION = YES;
				CLANG_WARN_OBJC_ROOT_CLASS = YES_ERROR;
				CLANG_WARN_QUOTED_INCLUDE_IN_FRAMEWORK_HEADER = YES;
				CLANG_WARN_RANGE_LOOP_ANALYSIS = YES;
				CLANG_WARN_STRICT_PROTOTYPES = YES;
				CLANG_WARN_SUSPICIOUS_MOVE = YES;
				CLANG_WARN_UNGUARDED_AVAILABILITY = YES_AGGRESSIVE;
				CLANG_WARN_UNREACHABLE_CODE = YES;
				CLANG_WARN__DUPLICATE_METHOD_MATCH = YES;
				COPY_PHASE_STRIP = NO;
				DEBUG_INFORMATION_FORMAT = "dwarf-with-dsym";
				DEVELOPMENT_TEAM = 93396TDBB9;
				ENABLE_NS_ASSERTIONS = NO;
				ENABLE_STRICT_OBJC_MSGSEND = YES;
				ENABLE_USER_SCRIPT_SANDBOXING = YES;
				GCC_C_LANGUAGE_STANDARD = gnu17;
				GCC_NO_COMMON_BLOCKS = YES;
				GCC_WARN_64_TO_32_BIT_CONVERSION = YES;
				GCC_WARN_ABOUT_RETURN_TYPE = YES_ERROR;
				GCC_WARN_UNDECLARED_SELECTOR = YES;
				GCC_WARN_UNINITIALIZED_AUTOS = YES_AGGRESSIVE;
				GCC_WARN_UNUSED_FUNCTION = YES;
				GCC_WARN_UNUSED_VARIABLE = YES;
				IPHONEOS_DEPLOYMENT_TARGET = 18.5;
				LOCALIZATION_PREFERS_STRING_CATALOGS = YES;
				MTL_ENABLE_DEBUG_INFO = NO;
				MTL_FAST_MATH = YES;
				SDKROOT = iphoneos;
				SWIFT_COMPILATION_MODE = wholemodule;
				VALIDATE_PRODUCT = YES;
			};
			name = Release;
		};
		9C6E98AA2DF38F3A00DBE52F /* Debug */ = {
			isa = XCBuildConfiguration;
			buildSettings = {
				ASSETCATALOG_COMPILER_APPICON_NAME = AppIcon;
				ASSETCATALOG_COMPILER_GLOBAL_ACCENT_COLOR_NAME = AccentColor;
				ASSETCATALOG_COMPILER_INCLUDE_ALL_APPICON_ASSETS = YES;
				CODE_SIGN_STYLE = Automatic;
				CURRENT_PROJECT_VERSION = 2;
				DEVELOPMENT_TEAM = 93396TDBB9;
				ENABLE_PREVIEWS = YES;
				GENERATE_INFOPLIST_FILE = YES;
				INFOPLIST_FILE = Optimus/Info.plist;
				INFOPLIST_KEY_CFBundleDisplayName = ChemStudio;
				INFOPLIST_KEY_LSApplicationCategoryType = "public.app-category.education";
				INFOPLIST_KEY_NSPhotoLibraryAddUsageDescription = "Optimus Molecular needs access to save molecular structure images to your photo library.";
				INFOPLIST_KEY_UIApplicationSupportsIndirectInputEvents = YES;
				INFOPLIST_KEY_UIRequiredDeviceCapabilities = armv7;
				INFOPLIST_KEY_UIStatusBarStyle = "";
				INFOPLIST_KEY_UISupportedInterfaceOrientations = "UIInterfaceOrientationPortrait UIInterfaceOrientationLandscapeLeft UIInterfaceOrientationLandscapeRight";
				INFOPLIST_KEY_UISupportedInterfaceOrientations_iPad = "UIInterfaceOrientationPortrait UIInterfaceOrientationPortraitUpsideDown UIInterfaceOrientationLandscapeLeft UIInterfaceOrientationLandscapeRight";
				INFOPLIST_KEY_UISupportedInterfaceOrientations_iPhone = "UIInterfaceOrientationPortrait UIInterfaceOrientationLandscapeLeft UIInterfaceOrientationLandscapeRight";
				IPHONEOS_DEPLOYMENT_TARGET = 17.6;
				LD_RUNPATH_SEARCH_PATHS = (
					"$(inherited)",
					"@executable_path/Frameworks",
				);
				MACOSX_DEPLOYMENT_TARGET = 12.4;
				MARKETING_VERSION = 2.0;
				PRODUCT_BUNDLE_IDENTIFIER = Stanford.Optimus;
				PRODUCT_NAME = "$(TARGET_NAME)";
				SUPPORTED_PLATFORMS = "iphoneos iphonesimulator";
				SUPPORTS_MACCATALYST = NO;
				SUPPORTS_MAC_DESIGNED_FOR_IPHONE_IPAD = NO;
				SUPPORTS_XR_DESIGNED_FOR_IPHONE_IPAD = NO;
				SWIFT_EMIT_LOC_STRINGS = YES;
				SWIFT_VERSION = 5.0;
				TARGETED_DEVICE_FAMILY = 1;
			};
			name = Debug;
		};
		9C6E98AB2DF38F3A00DBE52F /* Release */ = {
			isa = XCBuildConfiguration;
			buildSettings = {
				ASSETCATALOG_COMPILER_APPICON_NAME = AppIcon;
				ASSETCATALOG_COMPILER_GLOBAL_ACCENT_COLOR_NAME = AccentColor;
				ASSETCATALOG_COMPILER_INCLUDE_ALL_APPICON_ASSETS = YES;
				CODE_SIGN_STYLE = Automatic;
				CURRENT_PROJECT_VERSION = 2;
				DEVELOPMENT_TEAM = 93396TDBB9;
				ENABLE_PREVIEWS = YES;
				GENERATE_INFOPLIST_FILE = YES;
				INFOPLIST_FILE = Optimus/Info.plist;
				INFOPLIST_KEY_CFBundleDisplayName = ChemStudio;
				INFOPLIST_KEY_LSApplicationCategoryType = "public.app-category.education";
				INFOPLIST_KEY_NSPhotoLibraryAddUsageDescription = "Optimus Molecular needs access to save molecular structure images to your photo library.";
				INFOPLIST_KEY_UIApplicationSupportsIndirectInputEvents = YES;
				INFOPLIST_KEY_UIRequiredDeviceCapabilities = armv7;
				INFOPLIST_KEY_UIStatusBarStyle = "";
				INFOPLIST_KEY_UISupportedInterfaceOrientations = "UIInterfaceOrientationPortrait UIInterfaceOrientationLandscapeLeft UIInterfaceOrientationLandscapeRight";
				INFOPLIST_KEY_UISupportedInterfaceOrientations_iPad = "UIInterfaceOrientationPortrait UIInterfaceOrientationPortraitUpsideDown UIInterfaceOrientationLandscapeLeft UIInterfaceOrientationLandscapeRight";
				INFOPLIST_KEY_UISupportedInterfaceOrientations_iPhone = "UIInterfaceOrientationPortrait UIInterfaceOrientationLandscapeLeft UIInterfaceOrientationLandscapeRight";
				IPHONEOS_DEPLOYMENT_TARGET = 17.6;
				LD_RUNPATH_SEARCH_PATHS = (
					"$(inherited)",
					"@executable_path/Frameworks",
				);
				MACOSX_DEPLOYMENT_TARGET = 12.4;
				MARKETING_VERSION = 2.0;
				PRODUCT_BUNDLE_IDENTIFIER = Stanford.Optimus;
				PRODUCT_NAME = "$(TARGET_NAME)";
				SUPPORTED_PLATFORMS = "iphoneos iphonesimulator";
				SUPPORTS_MACCATALYST = NO;
				SUPPORTS_MAC_DESIGNED_FOR_IPHONE_IPAD = NO;
				SUPPORTS_XR_DESIGNED_FOR_IPHONE_IPAD = NO;
				SWIFT_EMIT_LOC_STRINGS = YES;
				SWIFT_VERSION = 5.0;
				TARGETED_DEVICE_FAMILY = 1;
			};
			name = Release;
		};
		9C6E98AD2DF38F3A00DBE52F /* Debug */ = {
			isa = XCBuildConfiguration;
			buildSettings = {
				BUNDLE_LOADER = "$(TEST_HOST)";
				CODE_SIGN_STYLE = Automatic;
				CURRENT_PROJECT_VERSION = 1;
				DEVELOPMENT_TEAM = 93396TDBB9;
				GENERATE_INFOPLIST_FILE = YES;
				IPHONEOS_DEPLOYMENT_TARGET = 18.5;
				MARKETING_VERSION = 1.0;
				PRODUCT_BUNDLE_IDENTIFIER = Stanford.OptimusTests;
				PRODUCT_NAME = "$(TARGET_NAME)";
				SWIFT_EMIT_LOC_STRINGS = NO;
				SWIFT_VERSION = 5.0;
				TARGETED_DEVICE_FAMILY = "1,2";
				TEST_HOST = "$(BUILT_PRODUCTS_DIR)/Optimus.app/$(BUNDLE_EXECUTABLE_FOLDER_PATH)/Optimus";
			};
			name = Debug;
		};
		9C6E98AE2DF38F3A00DBE52F /* Release */ = {
			isa = XCBuildConfiguration;
			buildSettings = {
				BUNDLE_LOADER = "$(TEST_HOST)";
				CODE_SIGN_STYLE = Automatic;
				CURRENT_PROJECT_VERSION = 1;
				DEVELOPMENT_TEAM = 93396TDBB9;
				GENERATE_INFOPLIST_FILE = YES;
				IPHONEOS_DEPLOYMENT_TARGET = 18.5;
				MARKETING_VERSION = 1.0;
				PRODUCT_BUNDLE_IDENTIFIER = Stanford.OptimusTests;
				PRODUCT_NAME = "$(TARGET_NAME)";
				SWIFT_EMIT_LOC_STRINGS = NO;
				SWIFT_VERSION = 5.0;
				TARGETED_DEVICE_FAMILY = "1,2";
				TEST_HOST = "$(BUILT_PRODUCTS_DIR)/Optimus.app/$(BUNDLE_EXECUTABLE_FOLDER_PATH)/Optimus";
			};
			name = Release;
		};
		9C6E98B02DF38F3A00DBE52F /* Debug */ = {
			isa = XCBuildConfiguration;
			buildSettings = {
				CODE_SIGN_STYLE = Automatic;
				CURRENT_PROJECT_VERSION = 1;
				DEVELOPMENT_TEAM = 93396TDBB9;
				GENERATE_INFOPLIST_FILE = YES;
				MARKETING_VERSION = 1.0;
				PRODUCT_BUNDLE_IDENTIFIER = Stanford.OptimusUITests;
				PRODUCT_NAME = "$(TARGET_NAME)";
				SWIFT_EMIT_LOC_STRINGS = NO;
				SWIFT_VERSION = 5.0;
				TARGETED_DEVICE_FAMILY = "1,2";
				TEST_TARGET_NAME = Optimus;
			};
			name = Debug;
		};
		9C6E98B12DF38F3A00DBE52F /* Release */ = {
			isa = XCBuildConfiguration;
			buildSettings = {
				CODE_SIGN_STYLE = Automatic;
				CURRENT_PROJECT_VERSION = 1;
				DEVELOPMENT_TEAM = 93396TDBB9;
				GENERATE_INFOPLIST_FILE = YES;
				MARKETING_VERSION = 1.0;
				PRODUCT_BUNDLE_IDENTIFIER = Stanford.OptimusUITests;
				PRODUCT_NAME = "$(TARGET_NAME)";
				SWIFT_EMIT_LOC_STRINGS = NO;
				SWIFT_VERSION = 5.0;
				TARGETED_DEVICE_FAMILY = "1,2";
				TEST_TARGET_NAME = Optimus;
			};
			name = Release;
		};
/* End XCBuildConfiguration section */

/* Begin XCConfigurationList section */
		9C6E98812DF38F3900DBE52F /* Build configuration list for PBXProject "Optimus" */ = {
			isa = XCConfigurationList;
			buildConfigurations = (
				9C6E98A72DF38F3A00DBE52F /* Debug */,
				9C6E98A82DF38F3A00DBE52F /* Release */,
			);
			defaultConfigurationIsVisible = 0;
			defaultConfigurationName = Release;
		};
		9C6E98A92DF38F3A00DBE52F /* Build configuration list for PBXNativeTarget "Optimus" */ = {
			isa = XCConfigurationList;
			buildConfigurations = (
				9C6E98AA2DF38F3A00DBE52F /* Debug */,
				9C6E98AB2DF38F3A00DBE52F /* Release */,
			);
			defaultConfigurationIsVisible = 0;
			defaultConfigurationName = Release;
		};
		9C6E98AC2DF38F3A00DBE52F /* Build configuration list for PBXNativeTarget "OptimusTests" */ = {
			isa = XCConfigurationList;
			buildConfigurations = (
				9C6E98AD2DF38F3A00DBE52F /* Debug */,
				9C6E98AE2DF38F3A00DBE52F /* Release */,
			);
			defaultConfigurationIsVisible = 0;
			defaultConfigurationName = Release;
		};
		9C6E98AF2DF38F3A00DBE52F /* Build configuration list for PBXNativeTarget "OptimusUITests" */ = {
			isa = XCConfigurationList;
			buildConfigurations = (
				9C6E98B02DF38F3A00DBE52F /* Debug */,
				9C6E98B12DF38F3A00DBE52F /* Release */,
			);
			defaultConfigurationIsVisible = 0;
			defaultConfigurationName = Release;
		};
/* End XCConfigurationList section */
	};
	rootObject = 9C6E987E2DF38F3900DBE52F /* Project object */;
}
